
Microsoft Visual Studio Solution File, Format Version 12.00
# Visual Studio Version 17
VisualStudioVersion = 17.14.36603.0
MinimumVisualStudioVersion = 10.0.40219.1
Project("{FAE04EC0-301F-11D3-BF4B-00C04F79EFBC}") = "Program", "Program.csproj", "{CD928612-F0C5-470B-8815-E74172E89EEC}"
EndProject
Project("{FAE04EC0-301F-11D3-BF4B-00C04F79EFBC}") = "Class 01th (Garbage Collection)", "..\Class 01th (Garbage Collection)\Class 01th (Garbage Collection).csproj", "{25EC47D5-EB3A-4CEF-B179-6BD99AAADBA8}"
EndProject
Project("{FAE04EC0-301F-11D3-BF4B-00C04F79EFBC}") = "Class 02th (Parameter Modifier)", "..\Class 02th (Parameter Modifier)\Class 02th (Parameter Modifier).csproj", "{C0150CEA-B8CE-4EFA-A7CC-94FBE044E48D}"
EndProject
Project("{FAE04EC0-301F-11D3-BF4B-00C04F79EFBC}") = "Class 03th", "..\Class 03th\Class 03th.csproj", "{439C04CC-E4B9-4426-8C22-09180A613F77}"
EndProject
Project("{FAE04EC0-301F-11D3-BF4B-00C04F79EFBC}") = "Class 05th (Generalization)", "..\Class 05th (Generalization)\Class 05th (Generalization).csproj", "{D12B4D16-04E4-42A1-8160-E84DD1A5545B}"
EndProject
Global
	GlobalSection(SolutionConfigurationPlatforms) = preSolution
		Debug|Any CPU = Debug|Any CPU
		Debug|x64 = Debug|x64
		Debug|x86 = Debug|x86
		Release|Any CPU = Release|Any CPU
		Release|x64 = Release|x64
		Release|x86 = Release|x86
	EndGlobalSection
	GlobalSection(ProjectConfigurationPlatforms) = postSolution
		{CD928612-F0C5-470B-8815-E74172E89EEC}.Debug|Any CPU.ActiveCfg = Debug|Any CPU
		{CD928612-F0C5-470B-8815-E74172E89EEC}.Debug|Any CPU.Build.0 = Debug|Any CPU
		{CD928612-F0C5-470B-8815-E74172E89EEC}.Debug|x64.ActiveCfg = Debug|Any CPU
		{CD928612-F0C5-470B-8815-E74172E89EEC}.Debug|x64.Build.0 = Debug|Any CPU
		{CD928612-F0C5-470B-8815-E74172E89EEC}.Debug|x86.ActiveCfg = Debug|Any CPU
		{CD928612-F0C5-470B-8815-E74172E89EEC}.Debug|x86.Build.0 = Debug|Any CPU
		{CD928612-F0C5-470B-8815-E74172E89EEC}.Release|Any CPU.ActiveCfg = Release|Any CPU
		{CD928612-F0C5-470B-8815-E74172E89EEC}.Release|Any CPU.Build.0 = Release|Any CPU
		{CD928612-F0C5-470B-8815-E74172E89EEC}.Release|x64.ActiveCfg = Release|Any CPU
		{CD928612-F0C5-470B-8815-E74172E89EEC}.Release|x64.Build.0 = Release|Any CPU
		{CD928612-F0C5-470B-8815-E74172E89EEC}.Release|x86.ActiveCfg = Release|Any CPU
		{CD928612-F0C5-470B-8815-E74172E89EEC}.Release|x86.Build.0 = Release|Any CPU
		{25EC47D5-EB3A-4CEF-B179-6BD99AAADBA8}.Debug|Any CPU.ActiveCfg = Debug|Any CPU
		{25EC47D5-EB3A-4CEF-B179-6BD99AAADBA8}.Debug|Any CPU.Build.0 = Debug|Any CPU
		{25EC47D5-EB3A-4CEF-B179-6BD99AAADBA8}.Debug|x64.ActiveCfg = Debug|Any CPU
		{25EC47D5-EB3A-4CEF-B179-6BD99AAADBA8}.Debug|x64.Build.0 = Debug|Any CPU
		{25EC47D5-EB3A-4CEF-B179-6BD99AAADBA8}.Debug|x86.ActiveCfg = Debug|Any CPU
		{25EC47D5-EB3A-4CEF-B179-6BD99AAADBA8}.Debug|x86.Build.0 = Debug|Any CPU
		{25EC47D5-EB3A-4CEF-B179-6BD99AAADBA8}.Release|Any CPU.ActiveCfg = Release|Any CPU
		{25EC47D5-EB3A-4CEF-B179-6BD99AAADBA8}.Release|Any CPU.Build.0 = Release|Any CPU
		{25EC47D5-EB3A-4CEF-B179-6BD99AAADBA8}.Release|x64.ActiveCfg = Release|Any CPU
		{25EC47D5-EB3A-4CEF-B179-6BD99AAADBA8}.Release|x64.Build.0 = Release|Any CPU
		{25EC47D5-EB3A-4CEF-B179-6BD99AAADBA8}.Release|x86.ActiveCfg = Release|Any CPU
		{25EC47D5-EB3A-4CEF-B179-6BD99AAADBA8}.Release|x86.Build.0 = Release|Any CPU
		{C0150CEA-B8CE-4EFA-A7CC-94FBE044E48D}.Debug|Any CPU.ActiveCfg = Debug|Any CPU
		{C0150CEA-B8CE-4EFA-A7CC-94FBE044E48D}.Debug|Any CPU.Build.0 = Debug|Any CPU
		{C0150CEA-B8CE-4EFA-A7CC-94FBE044E48D}.Debug|x64.ActiveCfg = Debug|Any CPU
		{C0150CEA-B8CE-4EFA-A7CC-94FBE044E48D}.Debug|x64.Build.0 = Debug|Any CPU
		{C0150CEA-B8CE-4EFA-A7CC-94FBE044E48D}.Debug|x86.ActiveCfg = Debug|Any CPU
		{C0150CEA-B8CE-4EFA-A7CC-94FBE044E48D}.Debug|x86.Build.0 = Debug|Any CPU
		{C0150CEA-B8CE-4EFA-A7CC-94FBE044E48D}.Release|Any CPU.ActiveCfg = Release|Any CPU
		{C0150CEA-B8CE-4EFA-A7CC-94FBE044E48D}.Release|Any CPU.Build.0 = Release|Any CPU
		{C0150CEA-B8CE-4EFA-A7CC-94FBE044E48D}.Release|x64.ActiveCfg = Release|Any CPU
		{C0150CEA-B8CE-4EFA-A7CC-94FBE044E48D}.Release|x64.Build.0 = Release|Any CPU
		{C0150CEA-B8CE-4EFA-A7CC-94FBE044E48D}.Release|x86.ActiveCfg = Release|Any CPU
		{C0150CEA-B8CE-4EFA-A7CC-94FBE044E48D}.Release|x86.Build.0 = Release|Any CPU
		{439C04CC-E4B9-4426-8C22-09180A613F77}.Debug|Any CPU.ActiveCfg = Debug|Any CPU
		{439C04CC-E4B9-4426-8C22-09180A613F77}.Debug|Any CPU.Build.0 = Debug|Any CPU
		{439C04CC-E4B9-4426-8C22-09180A613F77}.Debug|x64.ActiveCfg = Debug|Any CPU
		{439C04CC-E4B9-4426-8C22-09180A613F77}.Debug|x64.Build.0 = Debug|Any CPU
		{439C04CC-E4B9-4426-8C22-09180A613F77}.Debug|x86.ActiveCfg = Debug|Any CPU
		{439C04CC-E4B9-4426-8C22-09180A613F77}.Debug|x86.Build.0 = Debug|Any CPU
		{439C04CC-E4B9-4426-8C22-09180A613F77}.Release|Any CPU.ActiveCfg = Release|Any CPU
		{439C04CC-E4B9-4426-8C22-09180A613F77}.Release|Any CPU.Build.0 = Release|Any CPU
		{439C04CC-E4B9-4426-8C22-09180A613F77}.Release|x64.ActiveCfg = Release|Any CPU
		{439C04CC-E4B9-4426-8C22-09180A613F77}.Release|x64.Build.0 = Release|Any CPU
		{439C04CC-E4B9-4426-8C22-09180A613F77}.Release|x86.ActiveCfg = Release|Any CPU
		{439C04CC-E4B9-4426-8C22-09180A613F77}.Release|x86.Build.0 = Release|Any CPU
		{D12B4D16-04E4-42A1-8160-E84DD1A5545B}.Debug|Any CPU.ActiveCfg = Debug|Any CPU
		{D12B4D16-04E4-42A1-8160-E84DD1A5545B}.Debug|Any CPU.Build.0 = Debug|Any CPU
		{D12B4D16-04E4-42A1-8160-E84DD1A5545B}.Debug|x64.ActiveCfg = Debug|Any CPU
		{D12B4D16-04E4-42A1-8160-E84DD1A5545B}.Debug|x64.Build.0 = Debug|Any CPU
		{D12B4D16-04E4-42A1-8160-E84DD1A5545B}.Debug|x86.ActiveCfg = Debug|Any CPU
		{D12B4D16-04E4-42A1-8160-E84DD1A5545B}.Debug|x86.Build.0 = Debug|Any CPU
		{D12B4D16-04E4-42A1-8160-E84DD1A5545B}.Release|Any CPU.ActiveCfg = Release|Any CPU
		{D12B4D16-04E4-42A1-8160-E84DD1A5545B}.Release|Any CPU.Build.0 = Release|Any CPU
		{D12B4D16-04E4-42A1-8160-E84DD1A5545B}.Release|x64.ActiveCfg = Release|Any CPU
		{D12B4D16-04E4-42A1-8160-E84DD1A5545B}.Release|x64.Build.0 = Release|Any CPU
		{D12B4D16-04E4-42A1-8160-E84DD1A5545B}.Release|x86.ActiveCfg = Release|Any CPU
		{D12B4D16-04E4-42A1-8160-E84DD1A5545B}.Release|x86.Build.0 = Release|Any CPU
	EndGlobalSection
	GlobalSection(SolutionProperties) = preSolution
		HideSolutionNode = FALSE
	EndGlobalSection
	GlobalSection(ExtensibilityGlobals) = postSolution
		SolutionGuid = {3AFCBC1C-2F28-4D7D-95A6-D6A000B287A1}
	EndGlobalSection
EndGlobal
